
Microsoft Visual Studio Solution File, Format Version 12.00
# Visual Studio Version 17
VisualStudioVersion = 17.5.33516.290
MinimumVisualStudioVersion = 10.0.40219.1
Project("{FAE04EC0-301F-11D3-BF4B-00C04F79EFBC}") = "Pela.Core", "Pela.Core\Pela.Core.csproj", "{B897E2FC-D9F3-472B-B915-BD83DB4BD918}"
EndProject
Project("{FAE04EC0-301F-11D3-BF4B-00C04F79EFBC}") = "Pela.Cli", "Pela.Cli\Pela.Cli.csproj", "{23D4443F-8284-4489-87B6-6D4AF5E35D37}"
EndProject
Project("{FAE04EC0-301F-11D3-BF4B-00C04F79EFBC}") = "Pela.Infrastructure", "Pela.Infrastructure\Pela.Infrastructure.csproj", "{5A97E499-537C-409D-817F-8D777768B07B}"
EndProject
Global
	GlobalSection(SolutionConfigurationPlatforms) = preSolution
		Debug|Any CPU = Debug|Any CPU
		Release|Any CPU = Release|Any CPU
	EndGlobalSection
	GlobalSection(ProjectConfigurationPlatforms) = postSolution
		{B897E2FC-D9F3-472B-B915-BD83DB4BD918}.Debug|Any CPU.ActiveCfg = Debug|Any CPU
		{B897E2FC-D9F3-472B-B915-BD83DB4BD918}.Debug|Any CPU.Build.0 = Debug|Any CPU
		{B897E2FC-D9F3-472B-B915-BD83DB4BD918}.Release|Any CPU.ActiveCfg = Release|Any CPU
		{B897E2FC-D9F3-472B-B915-BD83DB4BD918}.Release|Any CPU.Build.0 = Release|Any CPU
		{23D4443F-8284-4489-87B6-6D4AF5E35D37}.Debug|Any CPU.ActiveCfg = Debug|Any CPU
		{23D4443F-8284-4489-87B6-6D4AF5E35D37}.Debug|Any CPU.Build.0 = Debug|Any CPU
		{23D4443F-8284-4489-87B6-6D4AF5E35D37}.Release|Any CPU.ActiveCfg = Release|Any CPU
		{23D4443F-8284-4489-87B6-6D4AF5E35D37}.Release|Any CPU.Build.0 = Release|Any CPU
		{5A97E499-537C-409D-817F-8D777768B07B}.Debug|Any CPU.ActiveCfg = Debug|Any CPU
		{5A97E499-537C-409D-817F-8D777768B07B}.Debug|Any CPU.Build.0 = Debug|Any CPU
		{5A97E499-537C-409D-817F-8D777768B07B}.Release|Any CPU.ActiveCfg = Release|Any CPU
		{5A97E499-537C-409D-817F-8D777768B07B}.Release|Any CPU.Build.0 = Release|Any CPU
	EndGlobalSection
	GlobalSection(SolutionProperties) = preSolution
		HideSolutionNode = FALSE
	EndGlobalSection
	GlobalSection(ExtensibilityGlobals) = postSolution
		SolutionGuid = {348152E7-5E82-4EF5-A1C7-70FA372DB181}
	EndGlobalSection
EndGlobal
